
Microsoft Visual Studio Solution File, Format Version 12.00
# Visual Studio Version 17
VisualStudioVersion = 17.7.34031.279
MinimumVisualStudioVersion = 10.0.40219.1
Project("{9A19103F-16F7-4668-BE54-9A1E7A4F7556}") = "SplanApi", "SplanApi.csproj", "{87B8B9A6-7D82-4100-BC78-AD3E0598E4F4}"
EndProject
Project("{9A19103F-16F7-4668-BE54-9A1E7A4F7556}") = "Splan.Platform", "..\Splan.Platform\Splan.Platform.csproj", "{D63026B5-2AD7-47C5-B0BC-28136B98F33A}"
EndProject
Project("{2150E333-8FDC-42A3-9474-1A3956D46DE8}") = "Api", "Api", "{A363F61D-815A-4035-855F-886DD3C98609}"
EndProject
Project("{2150E333-8FDC-42A3-9474-1A3956D46DE8}") = "Platform", "Platform", "{64F6CEFC-3516-4F07-AC5C-CA4174C636F1}"
EndProject
Project("{9A19103F-16F7-4668-BE54-9A1E7A4F7556}") = "Splan.Platform.Tests", "..\Splan.PlatformTests\Splan.Platform.Tests.csproj", "{9514858B-7C80-48B0-8E7D-A418CA5971EB}"
EndProject
Global
	GlobalSection(SolutionConfigurationPlatforms) = preSolution
		Debug|Any CPU = Debug|Any CPU
		Release|Any CPU = Release|Any CPU
	EndGlobalSection
	GlobalSection(ProjectConfigurationPlatforms) = postSolution
		{87B8B9A6-7D82-4100-BC78-AD3E0598E4F4}.Debug|Any CPU.ActiveCfg = Debug|Any CPU
		{87B8B9A6-7D82-4100-BC78-AD3E0598E4F4}.Debug|Any CPU.Build.0 = Debug|Any CPU
		{87B8B9A6-7D82-4100-BC78-AD3E0598E4F4}.Release|Any CPU.ActiveCfg = Release|Any CPU
		{87B8B9A6-7D82-4100-BC78-AD3E0598E4F4}.Release|Any CPU.Build.0 = Release|Any CPU
		{D63026B5-2AD7-47C5-B0BC-28136B98F33A}.Debug|Any CPU.ActiveCfg = Debug|Any CPU
		{D63026B5-2AD7-47C5-B0BC-28136B98F33A}.Debug|Any CPU.Build.0 = Debug|Any CPU
		{D63026B5-2AD7-47C5-B0BC-28136B98F33A}.Release|Any CPU.ActiveCfg = Release|Any CPU
		{D63026B5-2AD7-47C5-B0BC-28136B98F33A}.Release|Any CPU.Build.0 = Release|Any CPU
		{9514858B-7C80-48B0-8E7D-A418CA5971EB}.Debug|Any CPU.ActiveCfg = Debug|Any CPU
		{9514858B-7C80-48B0-8E7D-A418CA5971EB}.Debug|Any CPU.Build.0 = Debug|Any CPU
		{9514858B-7C80-48B0-8E7D-A418CA5971EB}.Release|Any CPU.ActiveCfg = Release|Any CPU
		{9514858B-7C80-48B0-8E7D-A418CA5971EB}.Release|Any CPU.Build.0 = Release|Any CPU
	EndGlobalSection
	GlobalSection(SolutionProperties) = preSolution
		HideSolutionNode = FALSE
	EndGlobalSection
	GlobalSection(NestedProjects) = preSolution
		{87B8B9A6-7D82-4100-BC78-AD3E0598E4F4} = {A363F61D-815A-4035-855F-886DD3C98609}
		{D63026B5-2AD7-47C5-B0BC-28136B98F33A} = {64F6CEFC-3516-4F07-AC5C-CA4174C636F1}
		{9514858B-7C80-48B0-8E7D-A418CA5971EB} = {64F6CEFC-3516-4F07-AC5C-CA4174C636F1}
	EndGlobalSection
	GlobalSection(ExtensibilityGlobals) = postSolution
		SolutionGuid = {76DC08D2-B01B-479D-B6B6-8BCAF4FE76F5}
	EndGlobalSection
EndGlobal
